
Microsoft Visual Studio Solution File, Format Version 12.00
# Visual Studio Version 16
VisualStudioVersion = 16.0.36227.6
MinimumVisualStudioVersion = 10.0.40219.1
Project("{FAE04EC0-301F-11D3-BF4B-00C04F79EFBC}") = "MyForm", "MyForm\MyForm.csproj", "{D0FCFC85-37F4-4BD2-AEE7-56E6F81869B8}"
EndProject
Global
	GlobalSection(SolutionConfigurationPlatforms) = preSolution
		Debug|Any CPU = Debug|Any CPU
		Release|Any CPU = Release|Any CPU
	EndGlobalSection
	GlobalSection(ProjectConfigurationPlatforms) = postSolution
		{D0FCFC85-37F4-4BD2-AEE7-56E6F81869B8}.Debug|Any CPU.ActiveCfg = Debug|Any CPU
		{D0FCFC85-37F4-4BD2-AEE7-56E6F81869B8}.Debug|Any CPU.Build.0 = Debug|Any CPU
		{D0FCFC85-37F4-4BD2-AEE7-56E6F81869B8}.Release|Any CPU.ActiveCfg = Release|Any CPU
		{D0FCFC85-37F4-4BD2-AEE7-56E6F81869B8}.Release|Any CPU.Build.0 = Release|Any CPU
	EndGlobalSection
	GlobalSection(SolutionProperties) = preSolution
		HideSolutionNode = FALSE
	EndGlobalSection
	GlobalSection(ExtensibilityGlobals) = postSolution
		SolutionGuid = {5E3AA72A-25D4-4294-99C4-5CA8D1C71FD3}
	EndGlobalSection
EndGlobal
